# THIS IS AN AUTOGENERATED FILE. DO NOT EDIT THIS FILE DIRECTLY.
# yarn lockfile v1


"@types/bignumber.js@^5.0.0":
  version "5.0.0"
  resolved "https://registry.yarnpkg.com/@types/bignumber.js/-/bignumber.js-5.0.0.tgz#d9f1a378509f3010a3255e9cc822ad0eeb4ab969"
  integrity sha512-0DH7aPGCClywOFaxxjE6UwpN2kQYe9LwuDQMv+zYA97j5GkOMo8e66LYT+a8JYU7jfmUFRZLa9KycxHDsKXJCA==
  dependencies:
    bignumber.js "*"

bignumber.js@*, bignumber.js@9.1.0, bignumber.js@^9.0.1:
  version "9.1.0"
  resolved "https://registry.yarnpkg.com/bignumber.js/-/bignumber.js-9.1.0.tgz#8d340146107fe3a6cb8d40699643c302e8773b62"
  integrity sha512-4LwHK4nfDOraBCtst+wOWIHbu1vhvAPJK8g8nROd4iuc3PSEjWif/qwbkh8jwCJz6yDBvtU4KPynETgrfh7y3A==

j4ts@^0.7.2:
  version "0.7.2"
  resolved "https://registry.yarnpkg.com/j4ts/-/j4ts-0.7.2.tgz#f983b5df1a463cc0c823308974b6c18955cc9ff9"
  integrity sha512-bISVSZ8wuz3HxHz0p+kaOdWD+HmMoq4rJZRu7FK2Rmdbd/03lDAys7EhlHy+xuFkliZMVGzzrhsjRFGTJV8sag==

mathparser.org-mxparser@^1.0.4:
  version "1.0.4"
  resolved "https://registry.yarnpkg.com/mathparser.org-mxparser/-/mathparser.org-mxparser-1.0.4.tgz#ce66d1881f83d7db4912ddb65de0b144240268ae"
  integrity sha512-GSIvYzs68x6vI8WfV7xHa2UGdTBtfWhYrilrqSlVMX0E7g9aVlHJD2nHdeDNIpNrfJ8+t2UR9UwwD382QqHdSA==
  dependencies:
    "@types/bignumber.js" "^5.0.0"
    bignumber.js "^9.0.1"
    j4ts "^0.7.2"
    tsc "^1.20150623.0"
    typescript "^4.2.4"

tsc@^1.20150623.0:
  version "1.20150623.0"
  resolved "https://registry.yarnpkg.com/tsc/-/tsc-1.20150623.0.tgz#4ebc3c774e169148cbc768a7342533f082c7a6e5"
  integrity sha512-35dAbChm97r03rxlfPwkFrrI8WoFlrqtbskmxomtnso2fOSKWDLt3TitT2ZNHl5hQF1Su9S9w/vjmoXf5W0VWA==

typescript@^4.2.4:
  version "4.8.3"
  resolved "https://registry.yarnpkg.com/typescript/-/typescript-4.8.3.tgz#d59344522c4bc464a65a730ac695007fdb66dd88"
  integrity sha512-goMHfm00nWPa8UvR/CPSvykqf6dVV8x/dp0c5mFTMTIu0u0FlGWRioyy7Nn0PGAdHxpJZnuO/ut+PpQ8UiHAig==
